
Microsoft Visual Studio Solution File, Format Version 12.00
# Visual Studio Version 17
VisualStudioVersion = 17.2.32526.322
MinimumVisualStudioVersion = 10.0.40219.1
Project("{9A19103F-16F7-4668-BE54-9A1E7A4F7556}") = "PointService.API", "PointService.API\PointService.API.csproj", "{E3389725-DE5E-45C0-87C9-AEDC5430C97C}"
EndProject
Project("{9A19103F-16F7-4668-BE54-9A1E7A4F7556}") = "PointService.BL", "PointService.BL\PointService.BL.csproj", "{DB773BE1-F93F-418E-AA9E-7D7BD7F86763}"
EndProject
Project("{9A19103F-16F7-4668-BE54-9A1E7A4F7556}") = "PointService.DataAccess", "PointService.DataAccess\PointService.DataAccess.csproj", "{028F0565-1BB5-4607-9FBE-03E5D0293B76}"
EndProject
Project("{9A19103F-16F7-4668-BE54-9A1E7A4F7556}") = "PointService.Tests", "PointService.Tests\PointService.Tests.csproj", "{D00D4F3E-304A-41C0-BE20-EA2B8C44A1DB}"
EndProject
Project("{9A19103F-16F7-4668-BE54-9A1E7A4F7556}") = "PointService.ViewModels", "PointService.ViewModel\PointService.ViewModels.csproj", "{E85763D4-405A-4698-A26C-0F04C97F30A1}"
EndProject
Project("{9A19103F-16F7-4668-BE54-9A1E7A4F7556}") = "PointService.Web", "PointService.Web\PointService.Web.csproj", "{C53D334A-65B6-4D92-8841-FDB755C29487}"
EndProject
Project("{2150E333-8FDC-42A3-9474-1A3956D46DE8}") = "BL", "BL", "{C6441E6B-6CC8-4D0B-BBFB-7D441C8F55B3}"
EndProject
Project("{2150E333-8FDC-42A3-9474-1A3956D46DE8}") = "Clients", "Clients", "{B002F421-58EA-4CD4-818E-0485882A255F}"
EndProject
Project("{2150E333-8FDC-42A3-9474-1A3956D46DE8}") = "Data", "Data", "{605E0CAB-EF65-4225-BB10-9A41C42E9051}"
EndProject
Project("{2150E333-8FDC-42A3-9474-1A3956D46DE8}") = "Shared", "Shared", "{03DCF252-80C3-4EF6-BFD0-DC2EC733066E}"
EndProject
Project("{2150E333-8FDC-42A3-9474-1A3956D46DE8}") = "Test", "Test", "{CDE447E8-52EF-46C6-9446-BFE37ECE8CAE}"
EndProject
Global
	GlobalSection(SolutionConfigurationPlatforms) = preSolution
		Debug|Any CPU = Debug|Any CPU
		Release|Any CPU = Release|Any CPU
	EndGlobalSection
	GlobalSection(ProjectConfigurationPlatforms) = postSolution
		{E3389725-DE5E-45C0-87C9-AEDC5430C97C}.Debug|Any CPU.ActiveCfg = Debug|Any CPU
		{E3389725-DE5E-45C0-87C9-AEDC5430C97C}.Debug|Any CPU.Build.0 = Debug|Any CPU
		{E3389725-DE5E-45C0-87C9-AEDC5430C97C}.Release|Any CPU.ActiveCfg = Release|Any CPU
		{E3389725-DE5E-45C0-87C9-AEDC5430C97C}.Release|Any CPU.Build.0 = Release|Any CPU
		{DB773BE1-F93F-418E-AA9E-7D7BD7F86763}.Debug|Any CPU.ActiveCfg = Debug|Any CPU
		{DB773BE1-F93F-418E-AA9E-7D7BD7F86763}.Debug|Any CPU.Build.0 = Debug|Any CPU
		{DB773BE1-F93F-418E-AA9E-7D7BD7F86763}.Release|Any CPU.ActiveCfg = Release|Any CPU
		{DB773BE1-F93F-418E-AA9E-7D7BD7F86763}.Release|Any CPU.Build.0 = Release|Any CPU
		{028F0565-1BB5-4607-9FBE-03E5D0293B76}.Debug|Any CPU.ActiveCfg = Debug|Any CPU
		{028F0565-1BB5-4607-9FBE-03E5D0293B76}.Debug|Any CPU.Build.0 = Debug|Any CPU
		{028F0565-1BB5-4607-9FBE-03E5D0293B76}.Release|Any CPU.ActiveCfg = Release|Any CPU
		{028F0565-1BB5-4607-9FBE-03E5D0293B76}.Release|Any CPU.Build.0 = Release|Any CPU
		{D00D4F3E-304A-41C0-BE20-EA2B8C44A1DB}.Debug|Any CPU.ActiveCfg = Debug|Any CPU
		{D00D4F3E-304A-41C0-BE20-EA2B8C44A1DB}.Debug|Any CPU.Build.0 = Debug|Any CPU
		{D00D4F3E-304A-41C0-BE20-EA2B8C44A1DB}.Release|Any CPU.ActiveCfg = Release|Any CPU
		{D00D4F3E-304A-41C0-BE20-EA2B8C44A1DB}.Release|Any CPU.Build.0 = Release|Any CPU
		{E85763D4-405A-4698-A26C-0F04C97F30A1}.Debug|Any CPU.ActiveCfg = Debug|Any CPU
		{E85763D4-405A-4698-A26C-0F04C97F30A1}.Debug|Any CPU.Build.0 = Debug|Any CPU
		{E85763D4-405A-4698-A26C-0F04C97F30A1}.Release|Any CPU.ActiveCfg = Release|Any CPU
		{E85763D4-405A-4698-A26C-0F04C97F30A1}.Release|Any CPU.Build.0 = Release|Any CPU
		{C53D334A-65B6-4D92-8841-FDB755C29487}.Debug|Any CPU.ActiveCfg = Debug|Any CPU
		{C53D334A-65B6-4D92-8841-FDB755C29487}.Debug|Any CPU.Build.0 = Debug|Any CPU
		{C53D334A-65B6-4D92-8841-FDB755C29487}.Release|Any CPU.ActiveCfg = Release|Any CPU
		{C53D334A-65B6-4D92-8841-FDB755C29487}.Release|Any CPU.Build.0 = Release|Any CPU
	EndGlobalSection
	GlobalSection(SolutionProperties) = preSolution
		HideSolutionNode = FALSE
	EndGlobalSection
	GlobalSection(NestedProjects) = preSolution
		{E3389725-DE5E-45C0-87C9-AEDC5430C97C} = {B002F421-58EA-4CD4-818E-0485882A255F}
		{DB773BE1-F93F-418E-AA9E-7D7BD7F86763} = {C6441E6B-6CC8-4D0B-BBFB-7D441C8F55B3}
		{028F0565-1BB5-4607-9FBE-03E5D0293B76} = {605E0CAB-EF65-4225-BB10-9A41C42E9051}
		{D00D4F3E-304A-41C0-BE20-EA2B8C44A1DB} = {CDE447E8-52EF-46C6-9446-BFE37ECE8CAE}
		{E85763D4-405A-4698-A26C-0F04C97F30A1} = {03DCF252-80C3-4EF6-BFD0-DC2EC733066E}
		{C53D334A-65B6-4D92-8841-FDB755C29487} = {B002F421-58EA-4CD4-818E-0485882A255F}
	EndGlobalSection
	GlobalSection(ExtensibilityGlobals) = postSolution
		SolutionGuid = {4614A575-1A3D-45D5-ABD6-9A37A1E9660F}
	EndGlobalSection
EndGlobal
